// !$*UTF8*$!
{
	archiveVersion = 1;
	classes = {
	};
	objectVersion = 77;
	objects = {

/* Begin PBXBuildFile section */
		446B4BDC2F7869540049E80F /* RevenueCat in Frameworks */ = {isa = PBXBuildFile; productRef = 446B4BDB2F7869540049E80F /* RevenueCat */; };
		AA000001AAAA000000000001 /* WidgetKit.framework in Frameworks */ = {isa = PBXBuildFile; fileRef = AA000002AAAA000000000001 /* WidgetKit.framework */; };
		AA000003AAAA000000000001 /* SwiftUI.framework in Frameworks */ = {isa = PBXBuildFile; fileRef = AA000004AAAA000000000001 /* SwiftUI.framework */; };
/* End PBXBuildFile section */

/* Begin PBXContainerItemProxy section */
		446B4B412F7859F00049E80F /* PBXContainerItemProxy */ = {
			isa = PBXContainerItemProxy;
			containerPortal = 446B4B292F7859EF0049E80F /* Project object */;
			proxyType = 1;
			remoteGlobalIDString = 446B4B302F7859EF0049E80F;
			remoteInfo = MultiPlantScheduler;
		};
		446B4B4B2F7859F00049E80F /* PBXContainerItemProxy */ = {
			isa = PBXContainerItemProxy;
			containerPortal = 446B4B292F7859EF0049E80F /* Project object */;
			proxyType = 1;
			remoteGlobalIDString = 446B4B302F7859EF0049E80F;
			remoteInfo = MultiPlantScheduler;
		};
		AA000010AAAA000000000001 /* PBXContainerItemProxy */ = {
			isa = PBXContainerItemProxy;
			containerPortal = 446B4B292F7859EF0049E80F /* Project object */;
			proxyType = 1;
			remoteGlobalIDString = AA000020AAAA000000000001;
			remoteInfo = MultiPlantWidgetExtension;
		};
/* End PBXContainerItemProxy section */

/* Begin PBXCopyFilesBuildPhase section */
		AA000030AAAA000000000001 /* Embed Foundation Extensions */ = {
			isa = PBXCopyFilesBuildPhase;
			buildActionMask = 2147483647;
			dstPath = "";
			dstSubfolderSpec = 13;
			files = (
			);
			name = "Embed Foundation Extensions";
			runOnlyForDeploymentPostprocessing = 0;
		};
/* End PBXCopyFilesBuildPhase section */

/* Begin PBXFileReference section */
		446B4B312F7859EF0049E80F /* MultiPlantScheduler.app */ = {isa = PBXFileReference; explicitFileType = wrapper.application; includeInIndex = 0; path = MultiPlantScheduler.app; sourceTree = BUILT_PRODUCTS_DIR; };
		446B4B402F7859F00049E80F /* MultiPlantSchedulerTests.xctest */ = {isa = PBXFileReference; explicitFileType = wrapper.cfbundle; includeInIndex = 0; path = MultiPlantSchedulerTests.xctest; sourceTree = BUILT_PRODUCTS_DIR; };
		446B4B4A2F7859F00049E80F /* MultiPlantSchedulerUITests.xctest */ = {isa = PBXFileReference; explicitFileType = wrapper.cfbundle; includeInIndex = 0; path = MultiPlantSchedulerUITests.xctest; sourceTree = BUILT_PRODUCTS_DIR; };
		AA000002AAAA000000000001 /* WidgetKit.framework */ = {isa = PBXFileReference; lastKnownFileType = wrapper.framework; name = WidgetKit.framework; path = System/Library/Frameworks/WidgetKit.framework; sourceTree = SDKROOT; };
		AA000004AAAA000000000001 /* SwiftUI.framework */ = {isa = PBXFileReference; lastKnownFileType = wrapper.framework; name = SwiftUI.framework; path = System/Library/Frameworks/SwiftUI.framework; sourceTree = SDKROOT; };
		AA000021AAAA000000000001 /* MultiPlantWidgetExtension.appex */ = {isa = PBXFileReference; explicitFileType = "wrapper.app-extension"; includeInIndex = 0; path = MultiPlantWidgetExtension.appex; sourceTree = BUILT_PRODUCTS_DIR; };
		CC000001BBBB000000000001 /* Config.xcconfig */ = {isa = PBXFileReference; lastKnownFileType = text.xcconfig; path = Config.xcconfig; sourceTree = "<group>"; };
/* End PBXFileReference section */

/* Begin PBXFileSystemSynchronizedRootGroup section */
		446B4B332F7859EF0049E80F /* MultiPlantScheduler */ = {
			isa = PBXFileSystemSynchronizedRootGroup;
			path = MultiPlantScheduler;
			sourceTree = "<group>";
		};
		446B4B432F7859F00049E80F /* MultiPlantSchedulerTests */ = {
			isa = PBXFileSystemSynchronizedRootGroup;
			path = MultiPlantSchedulerTests;
			sourceTree = "<group>";
		};
		446B4B4D2F7859F00049E80F /* MultiPlantSchedulerUITests */ = {
			isa = PBXFileSystemSynchronizedRootGroup;
			path = MultiPlantSchedulerUITests;
			sourceTree = "<group>";
		};
		AA000040AAAA000000000001 /* MultiPlantWidget */ = {
			isa = PBXFileSystemSynchronizedRootGroup;
			path = MultiPlantWidget;
			sourceTree = "<group>";
		};
/* End PBXFileSystemSynchronizedRootGroup section */

/* Begin PBXFrameworksBuildPhase section */
		446B4B2E2F7859EF0049E80F /* Frameworks */ = {
			isa = PBXFrameworksBuildPhase;
			buildActionMask = 2147483647;
			files = (
				446B4BDC2F7869540049E80F /* RevenueCat in Frameworks */,
			);
			runOnlyForDeploymentPostprocessing = 0;
		};
		446B4B3D2F7859F00049E80F /* Frameworks */ = {
			isa = PBXFrameworksBuildPhase;
			buildActionMask = 2147483647;
			files = (
			);
			runOnlyForDeploymentPostprocessing = 0;
		};
		446B4B472F7859F00049E80F /* Frameworks */ = {
			isa = PBXFrameworksBuildPhase;
			buildActionMask = 2147483647;
			files = (
			);
			runOnlyForDeploymentPostprocessing = 0;
		};
		AA000050AAAA000000000001 /* Frameworks */ = {
			isa = PBXFrameworksBuildPhase;
			buildActionMask = 2147483647;
			files = (
				AA000003AAAA000000000001 /* SwiftUI.framework in Frameworks */,
				AA000001AAAA000000000001 /* WidgetKit.framework in Frameworks */,
			);
			runOnlyForDeploymentPostprocessing = 0;
		};
/* End PBXFrameworksBuildPhase section */

/* Begin PBXGroup section */
		446B4B282F7859EF0049E80F = {
			isa = PBXGroup;
			children = (
				446B4B332F7859EF0049E80F /* MultiPlantScheduler */,
				AA000040AAAA000000000001 /* MultiPlantWidget */,
				446B4B432F7859F00049E80F /* MultiPlantSchedulerTests */,
				446B4B4D2F7859F00049E80F /* MultiPlantSchedulerUITests */,
				AA000060AAAA000000000001 /* Frameworks */,
				446B4B322F7859EF0049E80F /* Products */,
				446B4FE12F79E11C0049E80F /* Recovered References */,
			);
			sourceTree = "<group>";
		};
		446B4B322F7859EF0049E80F /* Products */ = {
			isa = PBXGroup;
			children = (
				446B4B312F7859EF0049E80F /* MultiPlantScheduler.app */,
				446B4B402F7859F00049E80F /* MultiPlantSchedulerTests.xctest */,
				446B4B4A2F7859F00049E80F /* MultiPlantSchedulerUITests.xctest */,
				AA000021AAAA000000000001 /* MultiPlantWidgetExtension.appex */,
			);
			name = Products;
			sourceTree = "<group>";
		};
		446B4FE12F79E11C0049E80F /* Recovered References */ = {
			isa = PBXGroup;
			children = (
				CC000001BBBB000000000001 /* Config.xcconfig */,
			);
			name = "Recovered References";
			sourceTree = "<group>";
		};
		AA000060AAAA000000000001 /* Frameworks */ = {
			isa = PBXGroup;
			children = (
				AA000002AAAA000000000001 /* WidgetKit.framework */,
				AA000004AAAA000000000001 /* SwiftUI.framework */,
			);
			name = Frameworks;
			sourceTree = "<group>";
		};
/* End PBXGroup section */

/* Begin PBXNativeTarget section */
		446B4B302F7859EF0049E80F /* MultiPlantScheduler */ = {
			isa = PBXNativeTarget;
			buildConfigurationList = 446B4B542F7859F00049E80F /* Build configuration list for PBXNativeTarget "MultiPlantScheduler" */;
			buildPhases = (
				446B4B2D2F7859EF0049E80F /* Sources */,
				446B4B2E2F7859EF0049E80F /* Frameworks */,
				446B4B2F2F7859EF0049E80F /* Resources */,
				AA000030AAAA000000000001 /* Embed Foundation Extensions */,
			);
			buildRules = (
			);
			dependencies = (
				AA000011AAAA000000000001 /* PBXTargetDependency */,
			);
			fileSystemSynchronizedGroups = (
				446B4B332F7859EF0049E80F /* MultiPlantScheduler */,
			);
			name = MultiPlantScheduler;
			packageProductDependencies = (
				446B4BDB2F7869540049E80F /* RevenueCat */,
			);
			productName = MultiPlantScheduler;
			productReference = 446B4B312F7859EF0049E80F /* MultiPlantScheduler.app */;
			productType = "com.apple.product-type.application";
		};
		446B4B3F2F7859F00049E80F /* MultiPlantSchedulerTests */ = {
			isa = PBXNativeTarget;
			buildConfigurationList = 446B4B572F7859F00049E80F /* Build configuration list for PBXNativeTarget "MultiPlantSchedulerTests" */;
			buildPhases = (
				446B4B3C2F7859F00049E80F /* Sources */,
				446B4B3D2F7859F00049E80F /* Frameworks */,
				446B4B3E2F7859F00049E80F /* Resources */,
			);
			buildRules = (
			);
			dependencies = (
				446B4B422F7859F00049E80F /* PBXTargetDependency */,
			);
			fileSystemSynchronizedGroups = (
				446B4B432F7859F00049E80F /* MultiPlantSchedulerTests */,
			);
			name = MultiPlantSchedulerTests;
			packageProductDependencies = (
			);
			productName = MultiPlantSchedulerTests;
			productReference = 446B4B402F7859F00049E80F /* MultiPlantSchedulerTests.xctest */;
			productType = "com.apple.product-type.bundle.unit-test";
		};
		446B4B492F7859F00049E80F /* MultiPlantSchedulerUITests */ = {
			isa = PBXNativeTarget;
			buildConfigurationList = 446B4B5A2F7859F00049E80F /* Build configuration list for PBXNativeTarget "MultiPlantSchedulerUITests" */;
			buildPhases = (
				446B4B462F7859F00049E80F /* Sources */,
				446B4B472F7859F00049E80F /* Frameworks */,
				446B4B482F7859F00049E80F /* Resources */,
			);
			buildRules = (
			);
			dependencies = (
				446B4B4C2F7859F00049E80F /* PBXTargetDependency */,
			);
			fileSystemSynchronizedGroups = (
				446B4B4D2F7859F00049E80F /* MultiPlantSchedulerUITests */,
			);
			name = MultiPlantSchedulerUITests;
			packageProductDependencies = (
			);
			productName = MultiPlantSchedulerUITests;
			productReference = 446B4B4A2F7859F00049E80F /* MultiPlantSchedulerUITests.xctest */;
			productType = "com.apple.product-type.bundle.ui-testing";
		};
		AA000020AAAA000000000001 /* MultiPlantWidgetExtension */ = {
			isa = PBXNativeTarget;
			buildConfigurationList = AA000070AAAA000000000001 /* Build configuration list for PBXNativeTarget "MultiPlantWidgetExtension" */;
			buildPhases = (
				AA000051AAAA000000000001 /* Sources */,
				AA000050AAAA000000000001 /* Frameworks */,
				AA000052AAAA000000000001 /* Resources */,
			);
			buildRules = (
			);
			dependencies = (
			);
			fileSystemSynchronizedGroups = (
				AA000040AAAA000000000001 /* MultiPlantWidget */,
			);
			name = MultiPlantWidgetExtension;
			packageProductDependencies = (
			);
			productName = MultiPlantWidgetExtension;
			productReference = AA000021AAAA000000000001 /* MultiPlantWidgetExtension.appex */;
			productType = "com.apple.product-type.app-extension";
		};
/* End PBXNativeTarget section */

/* Begin PBXProject section */
		446B4B292F7859EF0049E80F /* Project object */ = {
			isa = PBXProject;
			attributes = {
				BuildIndependentTargetsInParallel = 1;
				LastSwiftUpdateCheck = 2640;
				LastUpgradeCheck = 2640;
				TargetAttributes = {
					446B4B302F7859EF0049E80F = {
						CreatedOnToolsVersion = 26.4;
					};
					446B4B3F2F7859F00049E80F = {
						CreatedOnToolsVersion = 26.4;
						TestTargetID = 446B4B302F7859EF0049E80F;
					};
					446B4B492F7859F00049E80F = {
						CreatedOnToolsVersion = 26.4;
						TestTargetID = 446B4B302F7859EF0049E80F;
					};
					AA000020AAAA000000000001 = {
						CreatedOnToolsVersion = 26.4;
					};
				};
			};
			buildConfigurationList = 446B4B2C2F7859EF0049E80F /* Build configuration list for PBXProject "MultiPlantScheduler" */;
			developmentRegion = en;
			hasScannedForEncodings = 0;
			knownRegions = (
				en,
				Base,
				de,
				es,
				"pt-BR",
				fr,
			);
			mainGroup = 446B4B282F7859EF0049E80F;
			minimizedProjectReferenceProxies = 1;
			packageReferences = (
				446B4BDA2F7869540049E80F /* XCRemoteSwiftPackageReference "purchases-ios" */,
			);
			preferredProjectObjectVersion = 77;
			productRefGroup = 446B4B322F7859EF0049E80F /* Products */;
			projectDirPath = "";
			projectRoot = "";
			targets = (
				446B4B302F7859EF0049E80F /* MultiPlantScheduler */,
				446B4B3F2F7859F00049E80F /* MultiPlantSchedulerTests */,
				446B4B492F7859F00049E80F /* MultiPlantSchedulerUITests */,
				AA000020AAAA000000000001 /* MultiPlantWidgetExtension */,
			);
		};
/* End PBXProject section */

/* Begin PBXResourcesBuildPhase section */
		446B4B2F2F7859EF0049E80F /* Resources */ = {
			isa = PBXResourcesBuildPhase;
			buildActionMask = 2147483647;
			files = (
			);
			runOnlyForDeploymentPostprocessing = 0;
		};
		446B4B3E2F7859F00049E80F /* Resources */ = {
			isa = PBXResourcesBuildPhase;
			buildActionMask = 2147483647;
			files = (
			);
			runOnlyForDeploymentPostprocessing = 0;
		};
		446B4B482F7859F00049E80F /* Resources */ = {
			isa = PBXResourcesBuildPhase;
			buildActionMask = 2147483647;
			files = (
			);
			runOnlyForDeploymentPostprocessing = 0;
		};
		AA000052AAAA000000000001 /* Resources */ = {
			isa = PBXResourcesBuildPhase;
			buildActionMask = 2147483647;
			files = (
			);
			runOnlyForDeploymentPostprocessing = 0;
		};
/* End PBXResourcesBuildPhase section */

/* Begin PBXSourcesBuildPhase section */
		446B4B2D2F7859EF0049E80F /* Sources */ = {
			isa = PBXSourcesBuildPhase;
			buildActionMask = 2147483647;
			files = (
			);
			runOnlyForDeploymentPostprocessing = 0;
		};
		446B4B3C2F7859F00049E80F /* Sources */ = {
			isa = PBXSourcesBuildPhase;
			buildActionMask = 2147483647;
			files = (
			);
			runOnlyForDeploymentPostprocessing = 0;
		};
		446B4B462F7859F00049E80F /* Sources */ = {
			isa = PBXSourcesBuildPhase;
			buildActionMask = 2147483647;
			files = (
			);
			runOnlyForDeploymentPostprocessing = 0;
		};
		AA000051AAAA000000000001 /* Sources */ = {
			isa = PBXSourcesBuildPhase;
			buildActionMask = 2147483647;
			files = (
			);
			runOnlyForDeploymentPostprocessing = 0;
		};
/* End PBXSourcesBuildPhase section */

/* Begin PBXTargetDependency section */
		446B4B422F7859F00049E80F /* PBXTargetDependency */ = {
			isa = PBXTargetDependency;
			target = 446B4B302F7859EF0049E80F /* MultiPlantScheduler */;
			targetProxy = 446B4B412F7859F00049E80F /* PBXContainerItemProxy */;
		};
		446B4B4C2F7859F00049E80F /* PBXTargetDependency */ = {
			isa = PBXTargetDependency;
			target = 446B4B302F7859EF0049E80F /* MultiPlantScheduler */;
			targetProxy = 446B4B4B2F7859F00049E80F /* PBXContainerItemProxy */;
		};
		AA000011AAAA000000000001 /* PBXTargetDependency */ = {
			isa = PBXTargetDependency;
			target = AA000020AAAA000000000001 /* MultiPlantWidgetExtension */;
			targetProxy = AA000010AAAA000000000001 /* PBXContainerItemProxy */;
		};
/* End PBXTargetDependency section */

/* Begin XCBuildConfiguration section */
		446B4B522F7859F00049E80F /* Debug */ = {
			isa = XCBuildConfiguration;
			baseConfigurationReference = CC000001BBBB000000000001 /* Config.xcconfig */;
			buildSettings = {
				ALWAYS_SEARCH_USER_PATHS = NO;
				ASSETCATALOG_COMPILER_GENERATE_SWIFT_ASSET_SYMBOL_EXTENSIONS = YES;
				CLANG_ANALYZER_NONNULL = YES;
				CLANG_ANALYZER_NUMBER_OBJECT_CONVERSION = YES_AGGRESSIVE;
				CLANG_CXX_LANGUAGE_STANDARD = "gnu++20";
				CLANG_ENABLE_MODULES = YES;
				CLANG_ENABLE_OBJC_ARC = YES;
				CLANG_ENABLE_OBJC_WEAK = YES;
				CLANG_WARN_BLOCK_CAPTURE_AUTORELEASING = YES;
				CLANG_WARN_BOOL_CONVERSION = YES;
				CLANG_WARN_COMMA = YES;
				CLANG_WARN_CONSTANT_CONVERSION = YES;
				CLANG_WARN_DEPRECATED_OBJC_IMPLEMENTATIONS = YES;
				CLANG_WARN_DIRECT_OBJC_ISA_USAGE = YES_ERROR;
				CLANG_WARN_DOCUMENTATION_COMMENTS = YES;
				CLANG_WARN_EMPTY_BODY = YES;
				CLANG_WARN_ENUM_CONVERSION = YES;
				CLANG_WARN_INFINITE_RECURSION = YES;
				CLANG_WARN_INT_CONVERSION = YES;
				CLANG_WARN_NON_LITERAL_NULL_CONVERSION = YES;
				CLANG_WARN_OBJC_IMPLICIT_RETAIN_SELF = YES;
				CLANG_WARN_OBJC_LITERAL_CONVERSION = YES;
				CLANG_WARN_OBJC_ROOT_CLASS = YES_ERROR;
				CLANG_WARN_QUOTED_INCLUDE_IN_FRAMEWORK_HEADER = YES;
				CLANG_WARN_RANGE_LOOP_ANALYSIS = YES;
				CLANG_WARN_STRICT_PROTOTYPES = YES;
				CLANG_WARN_SUSPICIOUS_MOVE = YES;
				CLANG_WARN_UNGUARDED_AVAILABILITY = YES_AGGRESSIVE;
				CLANG_WARN_UNREACHABLE_CODE = YES;
				CLANG_WARN__DUPLICATE_METHOD_MATCH = YES;
				COPY_PHASE_STRIP = NO;
				DEBUG_INFORMATION_FORMAT = dwarf;
				DEVELOPMENT_TEAM = 3N9RY9EG8V;
				ENABLE_STRICT_OBJC_MSGSEND = YES;
				ENABLE_TESTABILITY = YES;
				ENABLE_USER_SCRIPT_SANDBOXING = YES;
				GCC_C_LANGUAGE_STANDARD = gnu17;
				GCC_DYNAMIC_NO_PIC = NO;
				GCC_NO_COMMON_BLOCKS = YES;
				GCC_OPTIMIZATION_LEVEL = 0;
				GCC_PREPROCESSOR_DEFINITIONS = (
					"DEBUG=1",
					"$(inherited)",
				);
				GCC_WARN_64_TO_32_BIT_CONVERSION = YES;
				GCC_WARN_ABOUT_RETURN_TYPE = YES_ERROR;
				GCC_WARN_UNDECLARED_SELECTOR = YES;
				GCC_WARN_UNINITIALIZED_AUTOS = YES_AGGRESSIVE;
				GCC_WARN_UNUSED_FUNCTION = YES;
				GCC_WARN_UNUSED_VARIABLE = YES;
				LOCALIZATION_PREFERS_STRING_CATALOGS = YES;
				MTL_ENABLE_DEBUG_INFO = INCLUDE_SOURCE;
				MTL_FAST_MATH = YES;
				ONLY_ACTIVE_ARCH = YES;
				SWIFT_ACTIVE_COMPILATION_CONDITIONS = "DEBUG $(inherited)";
				SWIFT_OPTIMIZATION_LEVEL = "-Onone";
			};
			name = Debug;
		};
		446B4B532F7859F00049E80F /* Release */ = {
			isa = XCBuildConfiguration;
			baseConfigurationReference = CC000001BBBB000000000001 /* Config.xcconfig */;
			buildSettings = {
				ALWAYS_SEARCH_USER_PATHS = NO;
				ASSETCATALOG_COMPILER_GENERATE_SWIFT_ASSET_SYMBOL_EXTENSIONS = YES;
				CLANG_ANALYZER_NONNULL = YES;
				CLANG_ANALYZER_NUMBER_OBJECT_CONVERSION = YES_AGGRESSIVE;
				CLANG_CXX_LANGUAGE_STANDARD = "gnu++20";
				CLANG_ENABLE_MODULES = YES;
				CLANG_ENABLE_OBJC_ARC = YES;
				CLANG_ENABLE_OBJC_WEAK = YES;
				CLANG_WARN_BLOCK_CAPTURE_AUTORELEASING = YES;
				CLANG_WARN_BOOL_CONVERSION = YES;
				CLANG_WARN_COMMA = YES;
				CLANG_WARN_CONSTANT_CONVERSION = YES;
				CLANG_WARN_DEPRECATED_OBJC_IMPLEMENTATIONS = YES;
				CLANG_WARN_DIRECT_OBJC_ISA_USAGE = YES_ERROR;
				CLANG_WARN_DOCUMENTATION_COMMENTS = YES;
				CLANG_WARN_EMPTY_BODY = YES;
				CLANG_WARN_ENUM_CONVERSION = YES;
				CLANG_WARN_INFINITE_RECURSION = YES;
				CLANG_WARN_INT_CONVERSION = YES;
				CLANG_WARN_NON_LITERAL_NULL_CONVERSION = YES;
				CLANG_WARN_OBJC_IMPLICIT_RETAIN_SELF = YES;
				CLANG_WARN_OBJC_LITERAL_CONVERSION = YES;
				CLANG_WARN_OBJC_ROOT_CLASS = YES_ERROR;
				CLANG_WARN_QUOTED_INCLUDE_IN_FRAMEWORK_HEADER = YES;
				CLANG_WARN_RANGE_LOOP_ANALYSIS = YES;
				CLANG_WARN_STRICT_PROTOTYPES = YES;
				CLANG_WARN_SUSPICIOUS_MOVE = YES;
				CLANG_WARN_UNGUARDED_AVAILABILITY = YES_AGGRESSIVE;
				CLANG_WARN_UNREACHABLE_CODE = YES;
				CLANG_WARN__DUPLICATE_METHOD_MATCH = YES;
				COPY_PHASE_STRIP = NO;
				DEBUG_INFORMATION_FORMAT = "dwarf-with-dsym";
				DEVELOPMENT_TEAM = 3N9RY9EG8V;
				ENABLE_NS_ASSERTIONS = NO;
				ENABLE_STRICT_OBJC_MSGSEND = YES;
				ENABLE_USER_SCRIPT_SANDBOXING = YES;
				GCC_C_LANGUAGE_STANDARD = gnu17;
				GCC_NO_COMMON_BLOCKS = YES;
				GCC_WARN_64_TO_32_BIT_CONVERSION = YES;
				GCC_WARN_ABOUT_RETURN_TYPE = YES_ERROR;
				GCC_WARN_UNDECLARED_SELECTOR = YES;
				GCC_WARN_UNINITIALIZED_AUTOS = YES_AGGRESSIVE;
				GCC_WARN_UNUSED_FUNCTION = YES;
				GCC_WARN_UNUSED_VARIABLE = YES;
				LOCALIZATION_PREFERS_STRING_CATALOGS = YES;
				MTL_ENABLE_DEBUG_INFO = NO;
				MTL_FAST_MATH = YES;
				SWIFT_COMPILATION_MODE = wholemodule;
			};
			name = Release;
		};
		446B4B552F7859F00049E80F /* Debug */ = {
			isa = XCBuildConfiguration;
			buildSettings = {
				ASSETCATALOG_COMPILER_APPICON_NAME = AppIcon;
				ASSETCATALOG_COMPILER_GLOBAL_ACCENT_COLOR_NAME = AccentColor;
				CODE_SIGN_STYLE = Automatic;
				CURRENT_PROJECT_VERSION = 25;
				DEVELOPMENT_TEAM = 3N9RY9EG8V;
				ENABLE_APP_SANDBOX = YES;
				ENABLE_HARDENED_RUNTIME = YES;
				ENABLE_PREVIEWS = YES;
				ENABLE_USER_SELECTED_FILES = readonly;
				GENERATE_INFOPLIST_FILE = YES;
				INFOPLIST_KEY_CFBundleIconName = AppIcon;
				INFOPLIST_KEY_ITSAppUsesNonExemptEncryption = NO;
				INFOPLIST_KEY_NSCameraUsageDescription = "Multi Plant needs camera access to take photos of your plants for tracking their growth.";
				INFOPLIST_KEY_NSPhotoLibraryUsageDescription = "Multi Plant needs photo library access so you can add photos of your plants.";
				"INFOPLIST_KEY_UIApplicationSceneManifest_Generation[sdk=iphoneos*]" = YES;
				"INFOPLIST_KEY_UIApplicationSceneManifest_Generation[sdk=iphonesimulator*]" = YES;
				"INFOPLIST_KEY_UIApplicationSupportsIndirectInputEvents[sdk=iphoneos*]" = YES;
				"INFOPLIST_KEY_UIApplicationSupportsIndirectInputEvents[sdk=iphonesimulator*]" = YES;
				"INFOPLIST_KEY_UILaunchScreen_Generation[sdk=iphoneos*]" = YES;
				"INFOPLIST_KEY_UILaunchScreen_Generation[sdk=iphonesimulator*]" = YES;
				"INFOPLIST_KEY_UIStatusBarStyle[sdk=iphoneos*]" = UIStatusBarStyleDefault;
				"INFOPLIST_KEY_UIStatusBarStyle[sdk=iphonesimulator*]" = UIStatusBarStyleDefault;
				INFOPLIST_KEY_UISupportedInterfaceOrientations_iPad = "UIInterfaceOrientationPortrait UIInterfaceOrientationPortraitUpsideDown UIInterfaceOrientationLandscapeLeft UIInterfaceOrientationLandscapeRight";
				INFOPLIST_KEY_UISupportedInterfaceOrientations_iPhone = "UIInterfaceOrientationPortrait UIInterfaceOrientationLandscapeLeft UIInterfaceOrientationLandscapeRight";
				IPHONEOS_DEPLOYMENT_TARGET = 26.4;
				LD_RUNPATH_SEARCH_PATHS = "@executable_path/Frameworks";
				"LD_RUNPATH_SEARCH_PATHS[sdk=macosx*]" = "@executable_path/../Frameworks";
				MACOSX_DEPLOYMENT_TARGET = 26.3;
				MARKETING_VERSION = 1.0;
				PRODUCT_BUNDLE_IDENTIFIER = com.clawdbonzo.MultiPlantScheduler;
				PRODUCT_NAME = "$(TARGET_NAME)";
				REGISTER_APP_GROUPS = YES;
				SDKROOT = auto;
				STRING_CATALOG_GENERATE_SYMBOLS = YES;
				SUPPORTED_PLATFORMS = "iphoneos iphonesimulator macosx xros xrsimulator";
				SWIFT_APPROACHABLE_CONCURRENCY = YES;
				SWIFT_DEFAULT_ACTOR_ISOLATION = MainActor;
				SWIFT_EMIT_LOC_STRINGS = YES;
				SWIFT_UPCOMING_FEATURE_MEMBER_IMPORT_VISIBILITY = YES;
				SWIFT_VERSION = 5.0;
				TARGETED_DEVICE_FAMILY = "1,2,7";
				XROS_DEPLOYMENT_TARGET = 26.4;
			};
			name = Debug;
		};
		446B4B562F7859F00049E80F /* Release */ = {
			isa = XCBuildConfiguration;
			buildSettings = {
				ASSETCATALOG_COMPILER_APPICON_NAME = AppIcon;
				ASSETCATALOG_COMPILER_GLOBAL_ACCENT_COLOR_NAME = AccentColor;
				CODE_SIGN_STYLE = Automatic;
				CURRENT_PROJECT_VERSION = 25;
				DEVELOPMENT_TEAM = 3N9RY9EG8V;
				ENABLE_APP_SANDBOX = YES;
				ENABLE_HARDENED_RUNTIME = YES;
				ENABLE_PREVIEWS = YES;
				ENABLE_USER_SELECTED_FILES = readonly;
				GENERATE_INFOPLIST_FILE = YES;
				INFOPLIST_KEY_CFBundleIconName = AppIcon;
				INFOPLIST_KEY_ITSAppUsesNonExemptEncryption = NO;
				INFOPLIST_KEY_NSCameraUsageDescription = "Multi Plant needs camera access to take photos of your plants for tracking their growth.";
				INFOPLIST_KEY_NSPhotoLibraryUsageDescription = "Multi Plant needs photo library access so you can add photos of your plants.";
				"INFOPLIST_KEY_UIApplicationSceneManifest_Generation[sdk=iphoneos*]" = YES;
				"INFOPLIST_KEY_UIApplicationSceneManifest_Generation[sdk=iphonesimulator*]" = YES;
				"INFOPLIST_KEY_UIApplicationSupportsIndirectInputEvents[sdk=iphoneos*]" = YES;
				"INFOPLIST_KEY_UIApplicationSupportsIndirectInputEvents[sdk=iphonesimulator*]" = YES;
				"INFOPLIST_KEY_UILaunchScreen_Generation[sdk=iphoneos*]" = YES;
				"INFOPLIST_KEY_UILaunchScreen_Generation[sdk=iphonesimulator*]" = YES;
				"INFOPLIST_KEY_UIStatusBarStyle[sdk=iphoneos*]" = UIStatusBarStyleDefault;
				"INFOPLIST_KEY_UIStatusBarStyle[sdk=iphonesimulator*]" = UIStatusBarStyleDefault;
				INFOPLIST_KEY_UISupportedInterfaceOrientations_iPad = "UIInterfaceOrientationPortrait UIInterfaceOrientationPortraitUpsideDown UIInterfaceOrientationLandscapeLeft UIInterfaceOrientationLandscapeRight";
				INFOPLIST_KEY_UISupportedInterfaceOrientations_iPhone = "UIInterfaceOrientationPortrait UIInterfaceOrientationLandscapeLeft UIInterfaceOrientationLandscapeRight";
				IPHONEOS_DEPLOYMENT_TARGET = 26.4;
				LD_RUNPATH_SEARCH_PATHS = "@executable_path/Frameworks";
				"LD_RUNPATH_SEARCH_PATHS[sdk=macosx*]" = "@executable_path/../Frameworks";
				MACOSX_DEPLOYMENT_TARGET = 26.3;
				MARKETING_VERSION = 1.0;
				PRODUCT_BUNDLE_IDENTIFIER = com.clawdbonzo.MultiPlantScheduler;
				PRODUCT_NAME = "$(TARGET_NAME)";
				REGISTER_APP_GROUPS = YES;
				SDKROOT = auto;
				STRING_CATALOG_GENERATE_SYMBOLS = YES;
				SUPPORTED_PLATFORMS = "iphoneos iphonesimulator macosx xros xrsimulator";
				SWIFT_APPROACHABLE_CONCURRENCY = YES;
				SWIFT_DEFAULT_ACTOR_ISOLATION = MainActor;
				SWIFT_EMIT_LOC_STRINGS = YES;
				SWIFT_UPCOMING_FEATURE_MEMBER_IMPORT_VISIBILITY = YES;
				SWIFT_VERSION = 5.0;
				TARGETED_DEVICE_FAMILY = "1,2,7";
				XROS_DEPLOYMENT_TARGET = 26.4;
			};
			name = Release;
		};
		446B4B582F7859F00049E80F /* Debug */ = {
			isa = XCBuildConfiguration;
			buildSettings = {
				BUNDLE_LOADER = "$(TEST_HOST)";
				CODE_SIGN_STYLE = Automatic;
				CURRENT_PROJECT_VERSION = 25;
				DEVELOPMENT_TEAM = 3N9RY9EG8V;
				GENERATE_INFOPLIST_FILE = YES;
				IPHONEOS_DEPLOYMENT_TARGET = 26.4;
				MACOSX_DEPLOYMENT_TARGET = 26.3;
				MARKETING_VERSION = 1.0;
				PRODUCT_BUNDLE_IDENTIFIER = com.clawdbonzo.MultiPlantSchedulerTests;
				PRODUCT_NAME = "$(TARGET_NAME)";
				SDKROOT = auto;
				STRING_CATALOG_GENERATE_SYMBOLS = NO;
				SUPPORTED_PLATFORMS = "iphoneos iphonesimulator macosx xros xrsimulator";
				SWIFT_APPROACHABLE_CONCURRENCY = YES;
				SWIFT_EMIT_LOC_STRINGS = NO;
				SWIFT_UPCOMING_FEATURE_MEMBER_IMPORT_VISIBILITY = YES;
				SWIFT_VERSION = 5.0;
				TARGETED_DEVICE_FAMILY = "1,2,7";
				TEST_HOST = "$(BUILT_PRODUCTS_DIR)/MultiPlantScheduler.app/$(BUNDLE_EXECUTABLE_FOLDER_PATH)/MultiPlantScheduler";
				XROS_DEPLOYMENT_TARGET = 26.4;
			};
			name = Debug;
		};
		446B4B592F7859F00049E80F /* Release */ = {
			isa = XCBuildConfiguration;
			buildSettings = {
				BUNDLE_LOADER = "$(TEST_HOST)";
				CODE_SIGN_STYLE = Automatic;
				CURRENT_PROJECT_VERSION = 25;
				DEVELOPMENT_TEAM = 3N9RY9EG8V;
				GENERATE_INFOPLIST_FILE = YES;
				IPHONEOS_DEPLOYMENT_TARGET = 26.4;
				MACOSX_DEPLOYMENT_TARGET = 26.3;
				MARKETING_VERSION = 1.0;
				PRODUCT_BUNDLE_IDENTIFIER = com.clawdbonzo.MultiPlantSchedulerTests;
				PRODUCT_NAME = "$(TARGET_NAME)";
				SDKROOT = auto;
				STRING_CATALOG_GENERATE_SYMBOLS = NO;
				SUPPORTED_PLATFORMS = "iphoneos iphonesimulator macosx xros xrsimulator";
				SWIFT_APPROACHABLE_CONCURRENCY = YES;
				SWIFT_EMIT_LOC_STRINGS = NO;
				SWIFT_UPCOMING_FEATURE_MEMBER_IMPORT_VISIBILITY = YES;
				SWIFT_VERSION = 5.0;
				TARGETED_DEVICE_FAMILY = "1,2,7";
				TEST_HOST = "$(BUILT_PRODUCTS_DIR)/MultiPlantScheduler.app/$(BUNDLE_EXECUTABLE_FOLDER_PATH)/MultiPlantScheduler";
				XROS_DEPLOYMENT_TARGET = 26.4;
			};
			name = Release;
		};
		446B4B5B2F7859F00049E80F /* Debug */ = {
			isa = XCBuildConfiguration;
			buildSettings = {
				CODE_SIGN_STYLE = Automatic;
				CURRENT_PROJECT_VERSION = 25;
				DEVELOPMENT_TEAM = 3N9RY9EG8V;
				GENERATE_INFOPLIST_FILE = YES;
				IPHONEOS_DEPLOYMENT_TARGET = 26.4;
				MACOSX_DEPLOYMENT_TARGET = 26.3;
				MARKETING_VERSION = 1.0;
				PRODUCT_BUNDLE_IDENTIFIER = com.clawdbonzo.MultiPlantSchedulerUITests;
				PRODUCT_NAME = "$(TARGET_NAME)";
				SDKROOT = auto;
				STRING_CATALOG_GENERATE_SYMBOLS = NO;
				SUPPORTED_PLATFORMS = "iphoneos iphonesimulator macosx xros xrsimulator";
				SWIFT_APPROACHABLE_CONCURRENCY = YES;
				SWIFT_EMIT_LOC_STRINGS = NO;
				SWIFT_UPCOMING_FEATURE_MEMBER_IMPORT_VISIBILITY = YES;
				SWIFT_VERSION = 5.0;
				TARGETED_DEVICE_FAMILY = "1,2,7";
				TEST_TARGET_NAME = MultiPlantScheduler;
				XROS_DEPLOYMENT_TARGET = 26.4;
			};
			name = Debug;
		};
		446B4B5C2F7859F00049E80F /* Release */ = {
			isa = XCBuildConfiguration;
			buildSettings = {
				CODE_SIGN_STYLE = Automatic;
				CURRENT_PROJECT_VERSION = 25;
				DEVELOPMENT_TEAM = 3N9RY9EG8V;
				GENERATE_INFOPLIST_FILE = YES;
				IPHONEOS_DEPLOYMENT_TARGET = 26.4;
				MACOSX_DEPLOYMENT_TARGET = 26.3;
				MARKETING_VERSION = 1.0;
				PRODUCT_BUNDLE_IDENTIFIER = com.clawdbonzo.MultiPlantSchedulerUITests;
				PRODUCT_NAME = "$(TARGET_NAME)";
				SDKROOT = auto;
				STRING_CATALOG_GENERATE_SYMBOLS = NO;
				SUPPORTED_PLATFORMS = "iphoneos iphonesimulator macosx xros xrsimulator";
				SWIFT_APPROACHABLE_CONCURRENCY = YES;
				SWIFT_EMIT_LOC_STRINGS = NO;
				SWIFT_UPCOMING_FEATURE_MEMBER_IMPORT_VISIBILITY = YES;
				SWIFT_VERSION = 5.0;
				TARGETED_DEVICE_FAMILY = "1,2,7";
				TEST_TARGET_NAME = MultiPlantScheduler;
				XROS_DEPLOYMENT_TARGET = 26.4;
			};
			name = Release;
		};
		AA000071AAAA000000000001 /* Debug */ = {
			isa = XCBuildConfiguration;
			buildSettings = {
				ASSETCATALOG_COMPILER_GLOBAL_ACCENT_COLOR_NAME = AccentColor;
				ASSETCATALOG_COMPILER_WIDGET_BACKGROUND_COLOR_NAME = WidgetBackground;
				CODE_SIGN_ENTITLEMENTS = MultiPlantWidget/MultiPlantWidget.entitlements;
				CODE_SIGN_STYLE = Automatic;
				CURRENT_PROJECT_VERSION = 25;
				DEVELOPMENT_TEAM = 3N9RY9EG8V;
				GENERATE_INFOPLIST_FILE = YES;
				INFOPLIST_KEY_CFBundleDisplayName = MultiPlantWidget;
				INFOPLIST_KEY_NSHumanReadableCopyright = "";
				IPHONEOS_DEPLOYMENT_TARGET = 26.4;
				LD_RUNPATH_SEARCH_PATHS = (
					"$(inherited)",
					"@executable_path/Frameworks",
					"@executable_path/../../Frameworks",
				);
				MARKETING_VERSION = 1.0;
				PRODUCT_BUNDLE_IDENTIFIER = com.clawdbonzo.MultiPlantScheduler.MultiPlantWidget;
				PRODUCT_NAME = "$(TARGET_NAME)";
				REGISTER_APP_GROUPS = YES;
				SDKROOT = iphoneos;
				SKIP_INSTALL = YES;
				SUPPORTED_PLATFORMS = "iphoneos iphonesimulator";
				SWIFT_APPROACHABLE_CONCURRENCY = YES;
				SWIFT_DEFAULT_ACTOR_ISOLATION = MainActor;
				SWIFT_EMIT_LOC_STRINGS = YES;
				SWIFT_UPCOMING_FEATURE_MEMBER_IMPORT_VISIBILITY = YES;
				SWIFT_VERSION = 5.0;
				TARGETED_DEVICE_FAMILY = "1,2";
			};
			name = Debug;
		};
		AA000072AAAA000000000001 /* Release */ = {
			isa = XCBuildConfiguration;
			buildSettings = {
				ASSETCATALOG_COMPILER_GLOBAL_ACCENT_COLOR_NAME = AccentColor;
				ASSETCATALOG_COMPILER_WIDGET_BACKGROUND_COLOR_NAME = WidgetBackground;
				CODE_SIGN_ENTITLEMENTS = MultiPlantWidget/MultiPlantWidget.entitlements;
				CODE_SIGN_STYLE = Automatic;
				CURRENT_PROJECT_VERSION = 25;
				DEVELOPMENT_TEAM = 3N9RY9EG8V;
				GENERATE_INFOPLIST_FILE = YES;
				INFOPLIST_KEY_CFBundleDisplayName = MultiPlantWidget;
				INFOPLIST_KEY_NSHumanReadableCopyright = "";
				IPHONEOS_DEPLOYMENT_TARGET = 26.4;
				LD_RUNPATH_SEARCH_PATHS = (
					"$(inherited)",
					"@executable_path/Frameworks",
					"@executable_path/../../Frameworks",
				);
				MARKETING_VERSION = 1.0;
				PRODUCT_BUNDLE_IDENTIFIER = com.clawdbonzo.MultiPlantScheduler.MultiPlantWidget;
				PRODUCT_NAME = "$(TARGET_NAME)";
				REGISTER_APP_GROUPS = YES;
				SDKROOT = iphoneos;
				SKIP_INSTALL = YES;
				SUPPORTED_PLATFORMS = "iphoneos iphonesimulator";
				SWIFT_APPROACHABLE_CONCURRENCY = YES;
				SWIFT_DEFAULT_ACTOR_ISOLATION = MainActor;
				SWIFT_EMIT_LOC_STRINGS = YES;
				SWIFT_UPCOMING_FEATURE_MEMBER_IMPORT_VISIBILITY = YES;
				SWIFT_VERSION = 5.0;
				TARGETED_DEVICE_FAMILY = "1,2";
			};
			name = Release;
		};
/* End XCBuildConfiguration section */

/* Begin XCConfigurationList section */
		446B4B2C2F7859EF0049E80F /* Build configuration list for PBXProject "MultiPlantScheduler" */ = {
			isa = XCConfigurationList;
			buildConfigurations = (
				446B4B522F7859F00049E80F /* Debug */,
				446B4B532F7859F00049E80F /* Release */,
			);
			defaultConfigurationIsVisible = 0;
			defaultConfigurationName = Release;
		};
		446B4B542F7859F00049E80F /* Build configuration list for PBXNativeTarget "MultiPlantScheduler" */ = {
			isa = XCConfigurationList;
			buildConfigurations = (
				446B4B552F7859F00049E80F /* Debug */,
				446B4B562F7859F00049E80F /* Release */,
			);
			defaultConfigurationIsVisible = 0;
			defaultConfigurationName = Release;
		};
		446B4B572F7859F00049E80F /* Build configuration list for PBXNativeTarget "MultiPlantSchedulerTests" */ = {
			isa = XCConfigurationList;
			buildConfigurations = (
				446B4B582F7859F00049E80F /* Debug */,
				446B4B592F7859F00049E80F /* Release */,
			);
			defaultConfigurationIsVisible = 0;
			defaultConfigurationName = Release;
		};
		446B4B5A2F7859F00049E80F /* Build configuration list for PBXNativeTarget "MultiPlantSchedulerUITests" */ = {
			isa = XCConfigurationList;
			buildConfigurations = (
				446B4B5B2F7859F00049E80F /* Debug */,
				446B4B5C2F7859F00049E80F /* Release */,
			);
			defaultConfigurationIsVisible = 0;
			defaultConfigurationName = Release;
		};
		AA000070AAAA000000000001 /* Build configuration list for PBXNativeTarget "MultiPlantWidgetExtension" */ = {
			isa = XCConfigurationList;
			buildConfigurations = (
				AA000071AAAA000000000001 /* Debug */,
				AA000072AAAA000000000001 /* Release */,
			);
			defaultConfigurationIsVisible = 0;
			defaultConfigurationName = Release;
		};
/* End XCConfigurationList section */

/* Begin XCRemoteSwiftPackageReference section */
		446B4BDA2F7869540049E80F /* XCRemoteSwiftPackageReference "purchases-ios" */ = {
			isa = XCRemoteSwiftPackageReference;
			repositoryURL = "https://github.com/RevenueCat/purchases-ios.git";
			requirement = {
				kind = upToNextMajorVersion;
				minimumVersion = 5.67.0;
			};
		};
/* End XCRemoteSwiftPackageReference section */

/* Begin XCSwiftPackageProductDependency section */
		446B4BDB2F7869540049E80F /* RevenueCat */ = {
			isa = XCSwiftPackageProductDependency;
			package = 446B4BDA2F7869540049E80F /* XCRemoteSwiftPackageReference "purchases-ios" */;
			productName = RevenueCat;
		};
/* End XCSwiftPackageProductDependency section */
	};
	rootObject = 446B4B292F7859EF0049E80F /* Project object */;
}
